
Microsoft Visual Studio Solution File, Format Version 12.00
# Visual Studio Version 17
VisualStudioVersion = 17.2.32317.152
MinimumVisualStudioVersion = 10.0.40219.1
Project("{9A19103F-16F7-4668-BE54-9A1E7A4F7556}") = "TiendaServicio.Api.Autor", "TiendaServicio.Api.Autor\TiendaServicio.Api.Autor.csproj", "{346A11E0-056C-41FC-A12A-22310E0BD7AD}"
EndProject
Project("{2150E333-8FDC-42A3-9474-1A3956D46DE8}") = "Solution Items", "Solution Items", "{7480CDA3-0FCE-4749-B227-7D77AFBE6037}"
	ProjectSection(SolutionItems) = preProject
		.editorconfig = .editorconfig
	EndProjectSection
EndProject
Project("{9A19103F-16F7-4668-BE54-9A1E7A4F7556}") = "TiendaServicio.Api.Libro", "TiendaServicio.Api.Libro\TiendaServicio.Api.Libro.csproj", "{C4C05EE3-08E5-4DE4-9BE0-1F062805A855}"
EndProject
Project("{9A19103F-16F7-4668-BE54-9A1E7A4F7556}") = "TiendaServicio.Api.CarritoCompra", "TiendaServicio.Api.CarritoCompra\TiendaServicio.Api.CarritoCompra.csproj", "{66C06FE4-6E72-4FA6-9270-6117FD69EE4F}"
EndProject
Project("{9A19103F-16F7-4668-BE54-9A1E7A4F7556}") = "TiendaServicio.Api.Libro.Test", "TiendaServicio.Api.Libro.Test\TiendaServicio.Api.Libro.Test.csproj", "{1DEA0B6C-1C0C-4545-A1D1-24AAE986AB50}"
EndProject
Project("{E53339B2-1760-4266-BCC7-CA923CBCF16C}") = "docker-compose", "docker-compose.dcproj", "{EB605FE6-B742-444E-8F4F-99225CBB8A85}"
EndProject
Global
	GlobalSection(SolutionConfigurationPlatforms) = preSolution
		Debug|Any CPU = Debug|Any CPU
		Release|Any CPU = Release|Any CPU
	EndGlobalSection
	GlobalSection(ProjectConfigurationPlatforms) = postSolution
		{346A11E0-056C-41FC-A12A-22310E0BD7AD}.Debug|Any CPU.ActiveCfg = Debug|Any CPU
		{346A11E0-056C-41FC-A12A-22310E0BD7AD}.Debug|Any CPU.Build.0 = Debug|Any CPU
		{346A11E0-056C-41FC-A12A-22310E0BD7AD}.Release|Any CPU.ActiveCfg = Release|Any CPU
		{346A11E0-056C-41FC-A12A-22310E0BD7AD}.Release|Any CPU.Build.0 = Release|Any CPU
		{C4C05EE3-08E5-4DE4-9BE0-1F062805A855}.Debug|Any CPU.ActiveCfg = Debug|Any CPU
		{C4C05EE3-08E5-4DE4-9BE0-1F062805A855}.Debug|Any CPU.Build.0 = Debug|Any CPU
		{C4C05EE3-08E5-4DE4-9BE0-1F062805A855}.Release|Any CPU.ActiveCfg = Release|Any CPU
		{C4C05EE3-08E5-4DE4-9BE0-1F062805A855}.Release|Any CPU.Build.0 = Release|Any CPU
		{66C06FE4-6E72-4FA6-9270-6117FD69EE4F}.Debug|Any CPU.ActiveCfg = Debug|Any CPU
		{66C06FE4-6E72-4FA6-9270-6117FD69EE4F}.Debug|Any CPU.Build.0 = Debug|Any CPU
		{66C06FE4-6E72-4FA6-9270-6117FD69EE4F}.Release|Any CPU.ActiveCfg = Release|Any CPU
		{66C06FE4-6E72-4FA6-9270-6117FD69EE4F}.Release|Any CPU.Build.0 = Release|Any CPU
		{1DEA0B6C-1C0C-4545-A1D1-24AAE986AB50}.Debug|Any CPU.ActiveCfg = Debug|Any CPU
		{1DEA0B6C-1C0C-4545-A1D1-24AAE986AB50}.Debug|Any CPU.Build.0 = Debug|Any CPU
		{1DEA0B6C-1C0C-4545-A1D1-24AAE986AB50}.Release|Any CPU.ActiveCfg = Release|Any CPU
		{1DEA0B6C-1C0C-4545-A1D1-24AAE986AB50}.Release|Any CPU.Build.0 = Release|Any CPU
		{EB605FE6-B742-444E-8F4F-99225CBB8A85}.Debug|Any CPU.ActiveCfg = Debug|Any CPU
		{EB605FE6-B742-444E-8F4F-99225CBB8A85}.Debug|Any CPU.Build.0 = Debug|Any CPU
		{EB605FE6-B742-444E-8F4F-99225CBB8A85}.Release|Any CPU.ActiveCfg = Release|Any CPU
		{EB605FE6-B742-444E-8F4F-99225CBB8A85}.Release|Any CPU.Build.0 = Release|Any CPU
	EndGlobalSection
	GlobalSection(SolutionProperties) = preSolution
		HideSolutionNode = FALSE
	EndGlobalSection
	GlobalSection(ExtensibilityGlobals) = postSolution
		SolutionGuid = {7EF424DA-97CE-41B5-8565-E2D4C441D990}
	EndGlobalSection
EndGlobal
